
Microsoft Visual Studio Solution File, Format Version 12.00
# Visual Studio Version 17
VisualStudioVersion = 17.0.31808.319
MinimumVisualStudioVersion = 10.0.40219.1
Project("{FAE04EC0-301F-11D3-BF4B-00C04F79EFBC}") = "Demographic", "Demographic\Demographic.csproj", "{8FFE25F1-F374-40C7-B80E-4BED011AAD11}"
EndProject
Project("{FAE04EC0-301F-11D3-BF4B-00C04F79EFBC}") = "Demographic.WinForms", "Demographic.WinForms\Demographic.WinForms.csproj", "{6D132003-BF61-4358-92EB-669E98C1F94B}"
EndProject
Project("{FAE04EC0-301F-11D3-BF4B-00C04F79EFBC}") = "Demographic.FileOperations", "Demographic.FileOperations\Demographic.FileOperations.csproj", "{FC67E68B-E007-4965-BFBC-51D2A6F88773}"
EndProject
Project("{FAE04EC0-301F-11D3-BF4B-00C04F79EFBC}") = "Demographic.Core", "Demographic.Core\Demographic.Core.csproj", "{C09C740A-D9F7-45C0-A460-30501253F993}"
EndProject
Global
	GlobalSection(SolutionConfigurationPlatforms) = preSolution
		Debug|Any CPU = Debug|Any CPU
		Debug|x64 = Debug|x64
		Release|Any CPU = Release|Any CPU
		Release|x64 = Release|x64
	EndGlobalSection
	GlobalSection(ProjectConfigurationPlatforms) = postSolution
		{8FFE25F1-F374-40C7-B80E-4BED011AAD11}.Debug|Any CPU.ActiveCfg = Debug|Any CPU
		{8FFE25F1-F374-40C7-B80E-4BED011AAD11}.Debug|Any CPU.Build.0 = Debug|Any CPU
		{8FFE25F1-F374-40C7-B80E-4BED011AAD11}.Debug|x64.ActiveCfg = Debug|x64
		{8FFE25F1-F374-40C7-B80E-4BED011AAD11}.Debug|x64.Build.0 = Debug|x64
		{8FFE25F1-F374-40C7-B80E-4BED011AAD11}.Release|Any CPU.ActiveCfg = Release|Any CPU
		{8FFE25F1-F374-40C7-B80E-4BED011AAD11}.Release|Any CPU.Build.0 = Release|Any CPU
		{8FFE25F1-F374-40C7-B80E-4BED011AAD11}.Release|x64.ActiveCfg = Release|x64
		{8FFE25F1-F374-40C7-B80E-4BED011AAD11}.Release|x64.Build.0 = Release|x64
		{6D132003-BF61-4358-92EB-669E98C1F94B}.Debug|Any CPU.ActiveCfg = Debug|Any CPU
		{6D132003-BF61-4358-92EB-669E98C1F94B}.Debug|Any CPU.Build.0 = Debug|Any CPU
		{6D132003-BF61-4358-92EB-669E98C1F94B}.Debug|x64.ActiveCfg = Debug|x64
		{6D132003-BF61-4358-92EB-669E98C1F94B}.Debug|x64.Build.0 = Debug|x64
		{6D132003-BF61-4358-92EB-669E98C1F94B}.Release|Any CPU.ActiveCfg = Release|Any CPU
		{6D132003-BF61-4358-92EB-669E98C1F94B}.Release|Any CPU.Build.0 = Release|Any CPU
		{6D132003-BF61-4358-92EB-669E98C1F94B}.Release|x64.ActiveCfg = Release|x64
		{6D132003-BF61-4358-92EB-669E98C1F94B}.Release|x64.Build.0 = Release|x64
		{FC67E68B-E007-4965-BFBC-51D2A6F88773}.Debug|Any CPU.ActiveCfg = Debug|Any CPU
		{FC67E68B-E007-4965-BFBC-51D2A6F88773}.Debug|Any CPU.Build.0 = Debug|Any CPU
		{FC67E68B-E007-4965-BFBC-51D2A6F88773}.Debug|x64.ActiveCfg = Debug|x64
		{FC67E68B-E007-4965-BFBC-51D2A6F88773}.Debug|x64.Build.0 = Debug|x64
		{FC67E68B-E007-4965-BFBC-51D2A6F88773}.Release|Any CPU.ActiveCfg = Release|Any CPU
		{FC67E68B-E007-4965-BFBC-51D2A6F88773}.Release|Any CPU.Build.0 = Release|Any CPU
		{FC67E68B-E007-4965-BFBC-51D2A6F88773}.Release|x64.ActiveCfg = Release|x64
		{FC67E68B-E007-4965-BFBC-51D2A6F88773}.Release|x64.Build.0 = Release|x64
		{C09C740A-D9F7-45C0-A460-30501253F993}.Debug|Any CPU.ActiveCfg = Debug|Any CPU
		{C09C740A-D9F7-45C0-A460-30501253F993}.Debug|Any CPU.Build.0 = Debug|Any CPU
		{C09C740A-D9F7-45C0-A460-30501253F993}.Debug|x64.ActiveCfg = Debug|x64
		{C09C740A-D9F7-45C0-A460-30501253F993}.Debug|x64.Build.0 = Debug|x64
		{C09C740A-D9F7-45C0-A460-30501253F993}.Release|Any CPU.ActiveCfg = Release|Any CPU
		{C09C740A-D9F7-45C0-A460-30501253F993}.Release|Any CPU.Build.0 = Release|Any CPU
		{C09C740A-D9F7-45C0-A460-30501253F993}.Release|x64.ActiveCfg = Release|x64
		{C09C740A-D9F7-45C0-A460-30501253F993}.Release|x64.Build.0 = Release|x64
	EndGlobalSection
	GlobalSection(SolutionProperties) = preSolution
		HideSolutionNode = FALSE
	EndGlobalSection
	GlobalSection(ExtensibilityGlobals) = postSolution
		SolutionGuid = {4C56D477-FE38-4FBE-A093-191259C90891}
	EndGlobalSection
EndGlobal
